// !$*UTF8*$!
{
	archiveVersion = 1;
	classes = {
	};
	objectVersion = 52;
	objects = {

/* Begin PBXBuildFile section */
		7404A04723DCFEFE000B75DD /* Partial.swift in Sources */ = {isa = PBXBuildFile; fileRef = 7404A04623DCFEFE000B75DD /* Partial.swift */; };
		743BE43F23BCF52A000BE177 /* AppDelegate.swift in Sources */ = {isa = PBXBuildFile; fileRef = 743BE43E23BCF52A000BE177 /* AppDelegate.swift */; };
		743BE44123BCF52A000BE177 /* SceneDelegate.swift in Sources */ = {isa = PBXBuildFile; fileRef = 743BE44023BCF52A000BE177 /* SceneDelegate.swift */; };
		743BE44823BCF52A000BE177 /* Assets.xcassets in Resources */ = {isa = PBXBuildFile; fileRef = 743BE44723BCF52A000BE177 /* Assets.xcassets */; };
		743BE44B23BCF52A000BE177 /* LaunchScreen.storyboard in Resources */ = {isa = PBXBuildFile; fileRef = 743BE44923BCF52A000BE177 /* LaunchScreen.storyboard */; };
		743BE45423BCF900000BE177 /* Spin.Combine in Frameworks */ = {isa = PBXBuildFile; productRef = 743BE45323BCF900000BE177 /* Spin.Combine */; };
		743BE45623BCF900000BE177 /* Spin.ReactiveSwift in Frameworks */ = {isa = PBXBuildFile; productRef = 743BE45523BCF900000BE177 /* Spin.ReactiveSwift */; };
		743BE45823BCF900000BE177 /* Spin.RxSwift in Frameworks */ = {isa = PBXBuildFile; productRef = 743BE45723BCF900000BE177 /* Spin.RxSwift */; };
		743BE45A23BCF900000BE177 /* Spin.Swift in Frameworks */ = {isa = PBXBuildFile; productRef = 743BE45923BCF900000BE177 /* Spin.Swift */; };
		743BE45D23BD0A9F000BE177 /* Alamofire in Frameworks */ = {isa = PBXBuildFile; productRef = 743BE45C23BD0A9F000BE177 /* Alamofire */; };
		743BE46023BD0BA2000BE177 /* Reusable in Frameworks */ = {isa = PBXBuildFile; productRef = 743BE45F23BD0BA2000BE177 /* Reusable */; };
		743BE46323BD0BC8000BE177 /* ReactiveSwift in Frameworks */ = {isa = PBXBuildFile; productRef = 743BE46223BD0BC8000BE177 /* ReactiveSwift */; };
		743BE46623BD0C00000BE177 /* Swinject in Frameworks */ = {isa = PBXBuildFile; productRef = 743BE46523BD0C00000BE177 /* Swinject */; };
		743BE46923BD0EF9000BE177 /* RxFlow in Frameworks */ = {isa = PBXBuildFile; productRef = 743BE46823BD0EF9000BE177 /* RxFlow */; };
		743BE46C23BD0F2B000BE177 /* RxCocoa in Frameworks */ = {isa = PBXBuildFile; productRef = 743BE46B23BD0F2B000BE177 /* RxCocoa */; };
		743BE46E23BD0F2B000BE177 /* RxSwift in Frameworks */ = {isa = PBXBuildFile; productRef = 743BE46D23BD0F2B000BE177 /* RxSwift */; };
		743BE47023BD0F2B000BE177 /* RxRelay in Frameworks */ = {isa = PBXBuildFile; productRef = 743BE46F23BD0F2B000BE177 /* RxRelay */; };
		743BE47323BD115E000BE177 /* ReactiveCocoa in Frameworks */ = {isa = PBXBuildFile; productRef = 743BE47223BD115E000BE177 /* ReactiveCocoa */; };
		743BE4A023BD4085000BE177 /* UIViewController+Rx.swift in Sources */ = {isa = PBXBuildFile; fileRef = 743BE49B23BD4085000BE177 /* UIViewController+Rx.swift */; };
		743BE4A123BD4085000BE177 /* String+URLComponents.swift in Sources */ = {isa = PBXBuildFile; fileRef = 743BE49C23BD4085000BE177 /* String+URLComponents.swift */; };
		743BE4B023BD4101000BE177 /* NetworkService.swift in Sources */ = {isa = PBXBuildFile; fileRef = 743BE4A423BD4101000BE177 /* NetworkService.swift */; };
		743BE4B123BD4101000BE177 /* ReactiveNetworkService.swift in Sources */ = {isa = PBXBuildFile; fileRef = 743BE4A623BD4101000BE177 /* ReactiveNetworkService.swift */; };
		743BE4B223BD4101000BE177 /* Encodable+Dictionary.swift in Sources */ = {isa = PBXBuildFile; fileRef = 743BE4A723BD4101000BE177 /* Encodable+Dictionary.swift */; };
		743BE4B323BD4101000BE177 /* Route+URLRequestConvertible.swift in Sources */ = {isa = PBXBuildFile; fileRef = 743BE4A823BD4101000BE177 /* Route+URLRequestConvertible.swift */; };
		743BE4B423BD4101000BE177 /* Policy.swift in Sources */ = {isa = PBXBuildFile; fileRef = 743BE4AA23BD4101000BE177 /* Policy.swift */; };
		743BE4B523BD4101000BE177 /* Path.swift in Sources */ = {isa = PBXBuildFile; fileRef = 743BE4AB23BD4101000BE177 /* Path.swift */; };
		743BE4B623BD4101000BE177 /* Route.swift in Sources */ = {isa = PBXBuildFile; fileRef = 743BE4AC23BD4101000BE177 /* Route.swift */; };
		743BE4B723BD4101000BE177 /* Endpoint.swift in Sources */ = {isa = PBXBuildFile; fileRef = 743BE4AD23BD4101000BE177 /* Endpoint.swift */; };
		743BE4B823BD4101000BE177 /* FavoriteService.swift in Sources */ = {isa = PBXBuildFile; fileRef = 743BE4AF23BD4101000BE177 /* FavoriteService.swift */; };
		743BE4C423BD41D0000BE177 /* AppPolicies.swift in Sources */ = {isa = PBXBuildFile; fileRef = 743BE4C123BD41D0000BE177 /* AppPolicies.swift */; };
		743BE4C523BD41D0000BE177 /* AppPaths.swift in Sources */ = {isa = PBXBuildFile; fileRef = 743BE4C223BD41D0000BE177 /* AppPaths.swift */; };
		743BE4C623BD41D0000BE177 /* AppEndpoints.swift in Sources */ = {isa = PBXBuildFile; fileRef = 743BE4C323BD41D0000BE177 /* AppEndpoints.swift */; };
		743BE4D223BD41FB000BE177 /* ListResponse.swift in Sources */ = {isa = PBXBuildFile; fileRef = 743BE4C923BD41FB000BE177 /* ListResponse.swift */; };
		743BE4D323BD41FB000BE177 /* ListRequest.swift in Sources */ = {isa = PBXBuildFile; fileRef = 743BE4CA23BD41FB000BE177 /* ListRequest.swift */; };
		743BE4E123BD42C0000BE177 /* Specie.swift in Sources */ = {isa = PBXBuildFile; fileRef = 743BE4DB23BD42C0000BE177 /* Specie.swift */; };
		743BE4E223BD42C0000BE177 /* Vehicle.swift in Sources */ = {isa = PBXBuildFile; fileRef = 743BE4DC23BD42C0000BE177 /* Vehicle.swift */; };
		743BE4E323BD42C0000BE177 /* Film.swift in Sources */ = {isa = PBXBuildFile; fileRef = 743BE4DD23BD42C0000BE177 /* Film.swift */; };
		743BE4E423BD42C0000BE177 /* Planet.swift in Sources */ = {isa = PBXBuildFile; fileRef = 743BE4DE23BD42C0000BE177 /* Planet.swift */; };
		743BE4E523BD42C0000BE177 /* Starship.swift in Sources */ = {isa = PBXBuildFile; fileRef = 743BE4DF23BD42C0000BE177 /* Starship.swift */; };
		743BE4E623BD42C0000BE177 /* People.swift in Sources */ = {isa = PBXBuildFile; fileRef = 743BE4E023BD42C0000BE177 /* People.swift */; };
		743BE4EB23BD436F000BE177 /* StarshipsApi.swift in Sources */ = {isa = PBXBuildFile; fileRef = 743BE4E823BD436F000BE177 /* StarshipsApi.swift */; };
		743BE4EC23BD436F000BE177 /* PlanetsApi.swift in Sources */ = {isa = PBXBuildFile; fileRef = 743BE4E923BD436F000BE177 /* PlanetsApi.swift */; };
		743BE4ED23BD436F000BE177 /* PeoplesApi.swift in Sources */ = {isa = PBXBuildFile; fileRef = 743BE4EA23BD436F000BE177 /* PeoplesApi.swift */; };
		743BE4F623BD4419000BE177 /* PlanetsEntity.swift in Sources */ = {isa = PBXBuildFile; fileRef = 743BE4F023BD4419000BE177 /* PlanetsEntity.swift */; };
		743BE4F923BD4419000BE177 /* PeoplesEntity.swift in Sources */ = {isa = PBXBuildFile; fileRef = 743BE4F323BD4419000BE177 /* PeoplesEntity.swift */; };
		743BE4FA23BD4419000BE177 /* StarshipsEntity.swift in Sources */ = {isa = PBXBuildFile; fileRef = 743BE4F423BD4419000BE177 /* StarshipsEntity.swift */; };
		743BE50223BD45B0000BE177 /* ServiceAssembly.swift in Sources */ = {isa = PBXBuildFile; fileRef = 743BE4FC23BD45B0000BE177 /* ServiceAssembly.swift */; };
		743BE50423BD45B0000BE177 /* ApisAssembly.swift in Sources */ = {isa = PBXBuildFile; fileRef = 743BE4FE23BD45B0000BE177 /* ApisAssembly.swift */; };
		743BE50723BD45B0000BE177 /* EntityAssembly.swift in Sources */ = {isa = PBXBuildFile; fileRef = 743BE50123BD45B0000BE177 /* EntityAssembly.swift */; };
		743BE53623BD477F000BE177 /* PlanetViewController.swift in Sources */ = {isa = PBXBuildFile; fileRef = 743BE50A23BD477F000BE177 /* PlanetViewController.swift */; };
		743BE53823BD477F000BE177 /* PlanetFeedback.swift in Sources */ = {isa = PBXBuildFile; fileRef = 743BE50C23BD477F000BE177 /* PlanetFeedback.swift */; };
		743BE53923BD477F000BE177 /* PlanetEvent.swift in Sources */ = {isa = PBXBuildFile; fileRef = 743BE50D23BD477F000BE177 /* PlanetEvent.swift */; };
		743BE53A23BD477F000BE177 /* PlanetViewController.storyboard in Resources */ = {isa = PBXBuildFile; fileRef = 743BE50E23BD477F000BE177 /* PlanetViewController.storyboard */; };
		743BE53B23BD477F000BE177 /* PlanetState.swift in Sources */ = {isa = PBXBuildFile; fileRef = 743BE50F23BD477F000BE177 /* PlanetState.swift */; };
		743BE53C23BD477F000BE177 /* PlanetReducer.swift in Sources */ = {isa = PBXBuildFile; fileRef = 743BE51023BD477F000BE177 /* PlanetReducer.swift */; };
		743BE53D23BD477F000BE177 /* StarshipsEvent.swift in Sources */ = {isa = PBXBuildFile; fileRef = 743BE51223BD477F000BE177 /* StarshipsEvent.swift */; };
		743BE53E23BD477F000BE177 /* StarshipsFeedback.swift in Sources */ = {isa = PBXBuildFile; fileRef = 743BE51323BD477F000BE177 /* StarshipsFeedback.swift */; };
		743BE53F23BD477F000BE177 /* StarshipsState.swift in Sources */ = {isa = PBXBuildFile; fileRef = 743BE51423BD477F000BE177 /* StarshipsState.swift */; };
		743BE54023BD477F000BE177 /* StarshipsViewController.swift in Sources */ = {isa = PBXBuildFile; fileRef = 743BE51523BD477F000BE177 /* StarshipsViewController.swift */; };
		743BE54123BD477F000BE177 /* StarshipsReducer.swift in Sources */ = {isa = PBXBuildFile; fileRef = 743BE51623BD477F000BE177 /* StarshipsReducer.swift */; };
		743BE54223BD477F000BE177 /* StarshipsViewController.storyboard in Resources */ = {isa = PBXBuildFile; fileRef = 743BE51723BD477F000BE177 /* StarshipsViewController.storyboard */; };
		743BE54323BD477F000BE177 /* PeoplesViewController.storyboard in Resources */ = {isa = PBXBuildFile; fileRef = 743BE51923BD477F000BE177 /* PeoplesViewController.storyboard */; };
		743BE54423BD477F000BE177 /* PeoplesEvent.swift in Sources */ = {isa = PBXBuildFile; fileRef = 743BE51A23BD477F000BE177 /* PeoplesEvent.swift */; };
		743BE54523BD477F000BE177 /* PeoplesReducer.swift in Sources */ = {isa = PBXBuildFile; fileRef = 743BE51B23BD477F000BE177 /* PeoplesReducer.swift */; };
		743BE54623BD477F000BE177 /* PeoplesState.swift in Sources */ = {isa = PBXBuildFile; fileRef = 743BE51C23BD477F000BE177 /* PeoplesState.swift */; };
		743BE54723BD477F000BE177 /* PeoplesViewController.swift in Sources */ = {isa = PBXBuildFile; fileRef = 743BE51D23BD477F000BE177 /* PeoplesViewController.swift */; };
		743BE54823BD477F000BE177 /* PeoplesFeedback.swift in Sources */ = {isa = PBXBuildFile; fileRef = 743BE51E23BD477F000BE177 /* PeoplesFeedback.swift */; };
		743BE54923BD477F000BE177 /* StarshipReducer.swift in Sources */ = {isa = PBXBuildFile; fileRef = 743BE52023BD477F000BE177 /* StarshipReducer.swift */; };
		743BE54B23BD477F000BE177 /* StarshipEvent.swift in Sources */ = {isa = PBXBuildFile; fileRef = 743BE52223BD477F000BE177 /* StarshipEvent.swift */; };
		743BE54C23BD477F000BE177 /* StarshipViewController.swift in Sources */ = {isa = PBXBuildFile; fileRef = 743BE52323BD477F000BE177 /* StarshipViewController.swift */; };
		743BE54D23BD477F000BE177 /* StarshipFeedback.swift in Sources */ = {isa = PBXBuildFile; fileRef = 743BE52423BD477F000BE177 /* StarshipFeedback.swift */; };
		743BE54E23BD477F000BE177 /* StarshipState.swift in Sources */ = {isa = PBXBuildFile; fileRef = 743BE52523BD477F000BE177 /* StarshipState.swift */; };
		743BE54F23BD477F000BE177 /* StarshipViewController.storyboard in Resources */ = {isa = PBXBuildFile; fileRef = 743BE52623BD477F000BE177 /* StarshipViewController.storyboard */; };
		743BE55023BD477F000BE177 /* PeopleFeedback.swift in Sources */ = {isa = PBXBuildFile; fileRef = 743BE52823BD477F000BE177 /* PeopleFeedback.swift */; };
		743BE55123BD477F000BE177 /* PeopleViewController.storyboard in Resources */ = {isa = PBXBuildFile; fileRef = 743BE52923BD477F000BE177 /* PeopleViewController.storyboard */; };
		743BE55323BD477F000BE177 /* PeopleReducer.swift in Sources */ = {isa = PBXBuildFile; fileRef = 743BE52B23BD477F000BE177 /* PeopleReducer.swift */; };
		743BE55423BD477F000BE177 /* PeopleState.swift in Sources */ = {isa = PBXBuildFile; fileRef = 743BE52C23BD477F000BE177 /* PeopleState.swift */; };
		743BE55523BD477F000BE177 /* PeopleViewController.swift in Sources */ = {isa = PBXBuildFile; fileRef = 743BE52D23BD477F000BE177 /* PeopleViewController.swift */; };
		743BE55623BD477F000BE177 /* PeopleEvent.swift in Sources */ = {isa = PBXBuildFile; fileRef = 743BE52E23BD477F000BE177 /* PeopleEvent.swift */; };
		743BE55723BD477F000BE177 /* PlanetsViewController.storyboard in Resources */ = {isa = PBXBuildFile; fileRef = 743BE53023BD477F000BE177 /* PlanetsViewController.storyboard */; };
		743BE55823BD477F000BE177 /* PlanetsState.swift in Sources */ = {isa = PBXBuildFile; fileRef = 743BE53123BD477F000BE177 /* PlanetsState.swift */; };
		743BE55923BD477F000BE177 /* PlanetsReducer.swift in Sources */ = {isa = PBXBuildFile; fileRef = 743BE53223BD477F000BE177 /* PlanetsReducer.swift */; };
		743BE55A23BD477F000BE177 /* PlanetsViewController.swift in Sources */ = {isa = PBXBuildFile; fileRef = 743BE53323BD477F000BE177 /* PlanetsViewController.swift */; };
		743BE55B23BD477F000BE177 /* PlanetsFeedback.swift in Sources */ = {isa = PBXBuildFile; fileRef = 743BE53423BD477F000BE177 /* PlanetsFeedback.swift */; };
		743BE55C23BD477F000BE177 /* PlanetsEvent.swift in Sources */ = {isa = PBXBuildFile; fileRef = 743BE53523BD477F000BE177 /* PlanetsEvent.swift */; };
		743BE56323BD4845000BE177 /* PeoplesFlow.swift in Sources */ = {isa = PBXBuildFile; fileRef = 743BE55E23BD4845000BE177 /* PeoplesFlow.swift */; };
		743BE56423BD4845000BE177 /* AppSteps.swift in Sources */ = {isa = PBXBuildFile; fileRef = 743BE55F23BD4845000BE177 /* AppSteps.swift */; };
		743BE56523BD4845000BE177 /* PlanetsFlow.swift in Sources */ = {isa = PBXBuildFile; fileRef = 743BE56023BD4845000BE177 /* PlanetsFlow.swift */; };
		743BE56623BD4845000BE177 /* AppFlow.swift in Sources */ = {isa = PBXBuildFile; fileRef = 743BE56123BD4845000BE177 /* AppFlow.swift */; };
		743BE56723BD4845000BE177 /* StarshipsFlow.swift in Sources */ = {isa = PBXBuildFile; fileRef = 743BE56223BD4845000BE177 /* StarshipsFlow.swift */; };
		743BE56A23BD4889000BE177 /* FeatureAssembly.swift in Sources */ = {isa = PBXBuildFile; fileRef = 743BE56823BD4889000BE177 /* FeatureAssembly.swift */; };
		743BE56B23BD4889000BE177 /* FeedbackAssembly.swift in Sources */ = {isa = PBXBuildFile; fileRef = 743BE56923BD4889000BE177 /* FeedbackAssembly.swift */; };
		743BE56D23BD4962000BE177 /* FlowAssembly.swift in Sources */ = {isa = PBXBuildFile; fileRef = 743BE56C23BD4962000BE177 /* FlowAssembly.swift */; };
/* End PBXBuildFile section */

/* Begin PBXFileReference section */
		7404A04623DCFEFE000B75DD /* Partial.swift */ = {isa = PBXFileReference; lastKnownFileType = sourcecode.swift; path = Partial.swift; sourceTree = "<group>"; };
		743BE43B23BCF52A000BE177 /* Spin.UIKit.Demo.app */ = {isa = PBXFileReference; explicitFileType = wrapper.application; includeInIndex = 0; path = Spin.UIKit.Demo.app; sourceTree = BUILT_PRODUCTS_DIR; };
		743BE43E23BCF52A000BE177 /* AppDelegate.swift */ = {isa = PBXFileReference; lastKnownFileType = sourcecode.swift; path = AppDelegate.swift; sourceTree = "<group>"; };
		743BE44023BCF52A000BE177 /* SceneDelegate.swift */ = {isa = PBXFileReference; lastKnownFileType = sourcecode.swift; path = SceneDelegate.swift; sourceTree = "<group>"; };
		743BE44723BCF52A000BE177 /* Assets.xcassets */ = {isa = PBXFileReference; lastKnownFileType = folder.assetcatalog; path = Assets.xcassets; sourceTree = "<group>"; };
		743BE44A23BCF52A000BE177 /* Base */ = {isa = PBXFileReference; lastKnownFileType = file.storyboard; name = Base; path = Base.lproj/LaunchScreen.storyboard; sourceTree = "<group>"; };
		743BE44C23BCF52A000BE177 /* Info.plist */ = {isa = PBXFileReference; lastKnownFileType = text.plist.xml; path = Info.plist; sourceTree = "<group>"; };
		743BE49B23BD4085000BE177 /* UIViewController+Rx.swift */ = {isa = PBXFileReference; fileEncoding = 4; lastKnownFileType = sourcecode.swift; path = "UIViewController+Rx.swift"; sourceTree = "<group>"; };
		743BE49C23BD4085000BE177 /* String+URLComponents.swift */ = {isa = PBXFileReference; fileEncoding = 4; lastKnownFileType = sourcecode.swift; path = "String+URLComponents.swift"; sourceTree = "<group>"; };
		743BE4A423BD4101000BE177 /* NetworkService.swift */ = {isa = PBXFileReference; fileEncoding = 4; lastKnownFileType = sourcecode.swift; path = NetworkService.swift; sourceTree = "<group>"; };
		743BE4A623BD4101000BE177 /* ReactiveNetworkService.swift */ = {isa = PBXFileReference; fileEncoding = 4; lastKnownFileType = sourcecode.swift; path = ReactiveNetworkService.swift; sourceTree = "<group>"; };
		743BE4A723BD4101000BE177 /* Encodable+Dictionary.swift */ = {isa = PBXFileReference; fileEncoding = 4; lastKnownFileType = sourcecode.swift; path = "Encodable+Dictionary.swift"; sourceTree = "<group>"; };
		743BE4A823BD4101000BE177 /* Route+URLRequestConvertible.swift */ = {isa = PBXFileReference; fileEncoding = 4; lastKnownFileType = sourcecode.swift; path = "Route+URLRequestConvertible.swift"; sourceTree = "<group>"; };
		743BE4AA23BD4101000BE177 /* Policy.swift */ = {isa = PBXFileReference; fileEncoding = 4; lastKnownFileType = sourcecode.swift; path = Policy.swift; sourceTree = "<group>"; };
		743BE4AB23BD4101000BE177 /* Path.swift */ = {isa = PBXFileReference; fileEncoding = 4; lastKnownFileType = sourcecode.swift; path = Path.swift; sourceTree = "<group>"; };
		743BE4AC23BD4101000BE177 /* Route.swift */ = {isa = PBXFileReference; fileEncoding = 4; lastKnownFileType = sourcecode.swift; path = Route.swift; sourceTree = "<group>"; };
		743BE4AD23BD4101000BE177 /* Endpoint.swift */ = {isa = PBXFileReference; fileEncoding = 4; lastKnownFileType = sourcecode.swift; path = Endpoint.swift; sourceTree = "<group>"; };
		743BE4AF23BD4101000BE177 /* FavoriteService.swift */ = {isa = PBXFileReference; fileEncoding = 4; lastKnownFileType = sourcecode.swift; path = FavoriteService.swift; sourceTree = "<group>"; };
		743BE4C123BD41D0000BE177 /* AppPolicies.swift */ = {isa = PBXFileReference; fileEncoding = 4; lastKnownFileType = sourcecode.swift; path = AppPolicies.swift; sourceTree = "<group>"; };
		743BE4C223BD41D0000BE177 /* AppPaths.swift */ = {isa = PBXFileReference; fileEncoding = 4; lastKnownFileType = sourcecode.swift; path = AppPaths.swift; sourceTree = "<group>"; };
		743BE4C323BD41D0000BE177 /* AppEndpoints.swift */ = {isa = PBXFileReference; fileEncoding = 4; lastKnownFileType = sourcecode.swift; path = AppEndpoints.swift; sourceTree = "<group>"; };
		743BE4C923BD41FB000BE177 /* ListResponse.swift */ = {isa = PBXFileReference; fileEncoding = 4; lastKnownFileType = sourcecode.swift; path = ListResponse.swift; sourceTree = "<group>"; };
		743BE4CA23BD41FB000BE177 /* ListRequest.swift */ = {isa = PBXFileReference; fileEncoding = 4; lastKnownFileType = sourcecode.swift; path = ListRequest.swift; sourceTree = "<group>"; };
		743BE4DB23BD42C0000BE177 /* Specie.swift */ = {isa = PBXFileReference; fileEncoding = 4; lastKnownFileType = sourcecode.swift; path = Specie.swift; sourceTree = "<group>"; };
		743BE4DC23BD42C0000BE177 /* Vehicle.swift */ = {isa = PBXFileReference; fileEncoding = 4; lastKnownFileType = sourcecode.swift; path = Vehicle.swift; sourceTree = "<group>"; };
		743BE4DD23BD42C0000BE177 /* Film.swift */ = {isa = PBXFileReference; fileEncoding = 4; lastKnownFileType = sourcecode.swift; path = Film.swift; sourceTree = "<group>"; };
		743BE4DE23BD42C0000BE177 /* Planet.swift */ = {isa = PBXFileReference; fileEncoding = 4; lastKnownFileType = sourcecode.swift; path = Planet.swift; sourceTree = "<group>"; };
		743BE4DF23BD42C0000BE177 /* Starship.swift */ = {isa = PBXFileReference; fileEncoding = 4; lastKnownFileType = sourcecode.swift; path = Starship.swift; sourceTree = "<group>"; };
		743BE4E023BD42C0000BE177 /* People.swift */ = {isa = PBXFileReference; fileEncoding = 4; lastKnownFileType = sourcecode.swift; path = People.swift; sourceTree = "<group>"; };
		743BE4E823BD436F000BE177 /* StarshipsApi.swift */ = {isa = PBXFileReference; fileEncoding = 4; lastKnownFileType = sourcecode.swift; path = StarshipsApi.swift; sourceTree = "<group>"; };
		743BE4E923BD436F000BE177 /* PlanetsApi.swift */ = {isa = PBXFileReference; fileEncoding = 4; lastKnownFileType = sourcecode.swift; path = PlanetsApi.swift; sourceTree = "<group>"; };
		743BE4EA23BD436F000BE177 /* PeoplesApi.swift */ = {isa = PBXFileReference; fileEncoding = 4; lastKnownFileType = sourcecode.swift; path = PeoplesApi.swift; sourceTree = "<group>"; };
		743BE4F023BD4419000BE177 /* PlanetsEntity.swift */ = {isa = PBXFileReference; fileEncoding = 4; lastKnownFileType = sourcecode.swift; path = PlanetsEntity.swift; sourceTree = "<group>"; };
		743BE4F323BD4419000BE177 /* PeoplesEntity.swift */ = {isa = PBXFileReference; fileEncoding = 4; lastKnownFileType = sourcecode.swift; path = PeoplesEntity.swift; sourceTree = "<group>"; };
		743BE4F423BD4419000BE177 /* StarshipsEntity.swift */ = {isa = PBXFileReference; fileEncoding = 4; lastKnownFileType = sourcecode.swift; path = StarshipsEntity.swift; sourceTree = "<group>"; };
		743BE4FC23BD45B0000BE177 /* ServiceAssembly.swift */ = {isa = PBXFileReference; fileEncoding = 4; lastKnownFileType = sourcecode.swift; path = ServiceAssembly.swift; sourceTree = "<group>"; };
		743BE4FE23BD45B0000BE177 /* ApisAssembly.swift */ = {isa = PBXFileReference; fileEncoding = 4; lastKnownFileType = sourcecode.swift; path = ApisAssembly.swift; sourceTree = "<group>"; };
		743BE50123BD45B0000BE177 /* EntityAssembly.swift */ = {isa = PBXFileReference; fileEncoding = 4; lastKnownFileType = sourcecode.swift; path = EntityAssembly.swift; sourceTree = "<group>"; };
		743BE50A23BD477F000BE177 /* PlanetViewController.swift */ = {isa = PBXFileReference; fileEncoding = 4; lastKnownFileType = sourcecode.swift; path = PlanetViewController.swift; sourceTree = "<group>"; };
		743BE50C23BD477F000BE177 /* PlanetFeedback.swift */ = {isa = PBXFileReference; fileEncoding = 4; lastKnownFileType = sourcecode.swift; path = PlanetFeedback.swift; sourceTree = "<group>"; };
		743BE50D23BD477F000BE177 /* PlanetEvent.swift */ = {isa = PBXFileReference; fileEncoding = 4; lastKnownFileType = sourcecode.swift; path = PlanetEvent.swift; sourceTree = "<group>"; };
		743BE50E23BD477F000BE177 /* PlanetViewController.storyboard */ = {isa = PBXFileReference; fileEncoding = 4; lastKnownFileType = file.storyboard; path = PlanetViewController.storyboard; sourceTree = "<group>"; };
		743BE50F23BD477F000BE177 /* PlanetState.swift */ = {isa = PBXFileReference; fileEncoding = 4; lastKnownFileType = sourcecode.swift; path = PlanetState.swift; sourceTree = "<group>"; };
		743BE51023BD477F000BE177 /* PlanetReducer.swift */ = {isa = PBXFileReference; fileEncoding = 4; lastKnownFileType = sourcecode.swift; path = PlanetReducer.swift; sourceTree = "<group>"; };
		743BE51223BD477F000BE177 /* StarshipsEvent.swift */ = {isa = PBXFileReference; fileEncoding = 4; lastKnownFileType = sourcecode.swift; path = StarshipsEvent.swift; sourceTree = "<group>"; };
		743BE51323BD477F000BE177 /* StarshipsFeedback.swift */ = {isa = PBXFileReference; fileEncoding = 4; lastKnownFileType = sourcecode.swift; path = StarshipsFeedback.swift; sourceTree = "<group>"; };
		743BE51423BD477F000BE177 /* StarshipsState.swift */ = {isa = PBXFileReference; fileEncoding = 4; lastKnownFileType = sourcecode.swift; path = StarshipsState.swift; sourceTree = "<group>"; };
		743BE51523BD477F000BE177 /* StarshipsViewController.swift */ = {isa = PBXFileReference; fileEncoding = 4; lastKnownFileType = sourcecode.swift; path = StarshipsViewController.swift; sourceTree = "<group>"; };
		743BE51623BD477F000BE177 /* StarshipsReducer.swift */ = {isa = PBXFileReference; fileEncoding = 4; lastKnownFileType = sourcecode.swift; path = StarshipsReducer.swift; sourceTree = "<group>"; };
		743BE51723BD477F000BE177 /* StarshipsViewController.storyboard */ = {isa = PBXFileReference; fileEncoding = 4; lastKnownFileType = file.storyboard; path = StarshipsViewController.storyboard; sourceTree = "<group>"; };
		743BE51923BD477F000BE177 /* PeoplesViewController.storyboard */ = {isa = PBXFileReference; fileEncoding = 4; lastKnownFileType = file.storyboard; path = PeoplesViewController.storyboard; sourceTree = "<group>"; };
		743BE51A23BD477F000BE177 /* PeoplesEvent.swift */ = {isa = PBXFileReference; fileEncoding = 4; lastKnownFileType = sourcecode.swift; path = PeoplesEvent.swift; sourceTree = "<group>"; };
		743BE51B23BD477F000BE177 /* PeoplesReducer.swift */ = {isa = PBXFileReference; fileEncoding = 4; lastKnownFileType = sourcecode.swift; path = PeoplesReducer.swift; sourceTree = "<group>"; };
		743BE51C23BD477F000BE177 /* PeoplesState.swift */ = {isa = PBXFileReference; fileEncoding = 4; lastKnownFileType = sourcecode.swift; path = PeoplesState.swift; sourceTree = "<group>"; };
		743BE51D23BD477F000BE177 /* PeoplesViewController.swift */ = {isa = PBXFileReference; fileEncoding = 4; lastKnownFileType = sourcecode.swift; path = PeoplesViewController.swift; sourceTree = "<group>"; };
		743BE51E23BD477F000BE177 /* PeoplesFeedback.swift */ = {isa = PBXFileReference; fileEncoding = 4; lastKnownFileType = sourcecode.swift; path = PeoplesFeedback.swift; sourceTree = "<group>"; };
		743BE52023BD477F000BE177 /* StarshipReducer.swift */ = {isa = PBXFileReference; fileEncoding = 4; lastKnownFileType = sourcecode.swift; path = StarshipReducer.swift; sourceTree = "<group>"; };
		743BE52223BD477F000BE177 /* StarshipEvent.swift */ = {isa = PBXFileReference; fileEncoding = 4; lastKnownFileType = sourcecode.swift; path = StarshipEvent.swift; sourceTree = "<group>"; };
		743BE52323BD477F000BE177 /* StarshipViewController.swift */ = {isa = PBXFileReference; fileEncoding = 4; lastKnownFileType = sourcecode.swift; path = StarshipViewController.swift; sourceTree = "<group>"; };
		743BE52423BD477F000BE177 /* StarshipFeedback.swift */ = {isa = PBXFileReference; fileEncoding = 4; lastKnownFileType = sourcecode.swift; path = StarshipFeedback.swift; sourceTree = "<group>"; };
		743BE52523BD477F000BE177 /* StarshipState.swift */ = {isa = PBXFileReference; fileEncoding = 4; lastKnownFileType = sourcecode.swift; path = StarshipState.swift; sourceTree = "<group>"; };
		743BE52623BD477F000BE177 /* StarshipViewController.storyboard */ = {isa = PBXFileReference; fileEncoding = 4; lastKnownFileType = file.storyboard; path = StarshipViewController.storyboard; sourceTree = "<group>"; };
		743BE52823BD477F000BE177 /* PeopleFeedback.swift */ = {isa = PBXFileReference; fileEncoding = 4; lastKnownFileType = sourcecode.swift; path = PeopleFeedback.swift; sourceTree = "<group>"; };
		743BE52923BD477F000BE177 /* PeopleViewController.storyboard */ = {isa = PBXFileReference; fileEncoding = 4; lastKnownFileType = file.storyboard; path = PeopleViewController.storyboard; sourceTree = "<group>"; };
		743BE52B23BD477F000BE177 /* PeopleReducer.swift */ = {isa = PBXFileReference; fileEncoding = 4; lastKnownFileType = sourcecode.swift; path = PeopleReducer.swift; sourceTree = "<group>"; };
		743BE52C23BD477F000BE177 /* PeopleState.swift */ = {isa = PBXFileReference; fileEncoding = 4; lastKnownFileType = sourcecode.swift; path = PeopleState.swift; sourceTree = "<group>"; };
		743BE52D23BD477F000BE177 /* PeopleViewController.swift */ = {isa = PBXFileReference; fileEncoding = 4; lastKnownFileType = sourcecode.swift; path = PeopleViewController.swift; sourceTree = "<group>"; };
		743BE52E23BD477F000BE177 /* PeopleEvent.swift */ = {isa = PBXFileReference; fileEncoding = 4; lastKnownFileType = sourcecode.swift; path = PeopleEvent.swift; sourceTree = "<group>"; };
		743BE53023BD477F000BE177 /* PlanetsViewController.storyboard */ = {isa = PBXFileReference; fileEncoding = 4; lastKnownFileType = file.storyboard; path = PlanetsViewController.storyboard; sourceTree = "<group>"; };
		743BE53123BD477F000BE177 /* PlanetsState.swift */ = {isa = PBXFileReference; fileEncoding = 4; lastKnownFileType = sourcecode.swift; path = PlanetsState.swift; sourceTree = "<group>"; };
		743BE53223BD477F000BE177 /* PlanetsReducer.swift */ = {isa = PBXFileReference; fileEncoding = 4; lastKnownFileType = sourcecode.swift; path = PlanetsReducer.swift; sourceTree = "<group>"; };
		743BE53323BD477F000BE177 /* PlanetsViewController.swift */ = {isa = PBXFileReference; fileEncoding = 4; lastKnownFileType = sourcecode.swift; path = PlanetsViewController.swift; sourceTree = "<group>"; };
		743BE53423BD477F000BE177 /* PlanetsFeedback.swift */ = {isa = PBXFileReference; fileEncoding = 4; lastKnownFileType = sourcecode.swift; path = PlanetsFeedback.swift; sourceTree = "<group>"; };
		743BE53523BD477F000BE177 /* PlanetsEvent.swift */ = {isa = PBXFileReference; fileEncoding = 4; lastKnownFileType = sourcecode.swift; path = PlanetsEvent.swift; sourceTree = "<group>"; };
		743BE55E23BD4845000BE177 /* PeoplesFlow.swift */ = {isa = PBXFileReference; fileEncoding = 4; lastKnownFileType = sourcecode.swift; path = PeoplesFlow.swift; sourceTree = "<group>"; };
		743BE55F23BD4845000BE177 /* AppSteps.swift */ = {isa = PBXFileReference; fileEncoding = 4; lastKnownFileType = sourcecode.swift; path = AppSteps.swift; sourceTree = "<group>"; };
		743BE56023BD4845000BE177 /* PlanetsFlow.swift */ = {isa = PBXFileReference; fileEncoding = 4; lastKnownFileType = sourcecode.swift; path = PlanetsFlow.swift; sourceTree = "<group>"; };
		743BE56123BD4845000BE177 /* AppFlow.swift */ = {isa = PBXFileReference; fileEncoding = 4; lastKnownFileType = sourcecode.swift; path = AppFlow.swift; sourceTree = "<group>"; };
		743BE56223BD4845000BE177 /* StarshipsFlow.swift */ = {isa = PBXFileReference; fileEncoding = 4; lastKnownFileType = sourcecode.swift; path = StarshipsFlow.swift; sourceTree = "<group>"; };
		743BE56823BD4889000BE177 /* FeatureAssembly.swift */ = {isa = PBXFileReference; fileEncoding = 4; lastKnownFileType = sourcecode.swift; path = FeatureAssembly.swift; sourceTree = "<group>"; };
		743BE56923BD4889000BE177 /* FeedbackAssembly.swift */ = {isa = PBXFileReference; fileEncoding = 4; lastKnownFileType = sourcecode.swift; path = FeedbackAssembly.swift; sourceTree = "<group>"; };
		743BE56C23BD4962000BE177 /* FlowAssembly.swift */ = {isa = PBXFileReference; fileEncoding = 4; lastKnownFileType = sourcecode.swift; path = FlowAssembly.swift; sourceTree = "<group>"; };
/* End PBXFileReference section */

/* Begin PBXFrameworksBuildPhase section */
		743BE43823BCF52A000BE177 /* Frameworks */ = {
			isa = PBXFrameworksBuildPhase;
			buildActionMask = 2147483647;
			files = (
				743BE45D23BD0A9F000BE177 /* Alamofire in Frameworks */,
				743BE46323BD0BC8000BE177 /* ReactiveSwift in Frameworks */,
				743BE46C23BD0F2B000BE177 /* RxCocoa in Frameworks */,
				743BE45623BCF900000BE177 /* Spin.ReactiveSwift in Frameworks */,
				743BE46923BD0EF9000BE177 /* RxFlow in Frameworks */,
				743BE47323BD115E000BE177 /* ReactiveCocoa in Frameworks */,
				743BE45423BCF900000BE177 /* Spin.Combine in Frameworks */,
				743BE47023BD0F2B000BE177 /* RxRelay in Frameworks */,
				743BE45823BCF900000BE177 /* Spin.RxSwift in Frameworks */,
				743BE45A23BCF900000BE177 /* Spin.Swift in Frameworks */,
				743BE46023BD0BA2000BE177 /* Reusable in Frameworks */,
				743BE46623BD0C00000BE177 /* Swinject in Frameworks */,
				743BE46E23BD0F2B000BE177 /* RxSwift in Frameworks */,
			);
			runOnlyForDeploymentPostprocessing = 0;
		};
/* End PBXFrameworksBuildPhase section */

/* Begin PBXGroup section */
		743BE43223BCF52A000BE177 = {
			isa = PBXGroup;
			children = (
				743BE43D23BCF52A000BE177 /* Spin.UIKit.Demo */,
				743BE43C23BCF52A000BE177 /* Products */,
			);
			sourceTree = "<group>";
		};
		743BE43C23BCF52A000BE177 /* Products */ = {
			isa = PBXGroup;
			children = (
				743BE43B23BCF52A000BE177 /* Spin.UIKit.Demo.app */,
			);
			name = Products;
			sourceTree = "<group>";
		};
		743BE43D23BCF52A000BE177 /* Spin.UIKit.Demo */ = {
			isa = PBXGroup;
			children = (
				743BE4FB23BD45B0000BE177 /* Assemblies */,
				743BE4E723BD436F000BE177 /* Apis */,
				743BE4EE23BD4419000BE177 /* Entity */,
				743BE50823BD477F000BE177 /* Features */,
				743BE55D23BD4845000BE177 /* Flows */,
				743BE4C723BD41FB000BE177 /* Models */,
				743BE4C023BD41D0000BE177 /* Routes */,
				743BE4A223BD4101000BE177 /* Services */,
				743BE49723BD4085000BE177 /* Tools */,
				743BE43E23BCF52A000BE177 /* AppDelegate.swift */,
				743BE44023BCF52A000BE177 /* SceneDelegate.swift */,
				743BE44723BCF52A000BE177 /* Assets.xcassets */,
				743BE44923BCF52A000BE177 /* LaunchScreen.storyboard */,
				743BE44C23BCF52A000BE177 /* Info.plist */,
			);
			path = Spin.UIKit.Demo;
			sourceTree = "<group>";
		};
		743BE49723BD4085000BE177 /* Tools */ = {
			isa = PBXGroup;
			children = (
				743BE49B23BD4085000BE177 /* UIViewController+Rx.swift */,
				743BE49C23BD4085000BE177 /* String+URLComponents.swift */,
				7404A04623DCFEFE000B75DD /* Partial.swift */,
			);
			path = Tools;
			sourceTree = "<group>";
		};
		743BE4A223BD4101000BE177 /* Services */ = {
			isa = PBXGroup;
			children = (
				743BE4A323BD4101000BE177 /* Network */,
				743BE4AE23BD4101000BE177 /* Persistence */,
			);
			path = Services;
			sourceTree = "<group>";
		};
		743BE4A323BD4101000BE177 /* Network */ = {
			isa = PBXGroup;
			children = (
				743BE4A423BD4101000BE177 /* NetworkService.swift */,
				743BE4A523BD4101000BE177 /* ReactiveNetworkService */,
				743BE4A923BD4101000BE177 /* Routing */,
			);
			path = Network;
			sourceTree = "<group>";
		};
		743BE4A523BD4101000BE177 /* ReactiveNetworkService */ = {
			isa = PBXGroup;
			children = (
				743BE4A623BD4101000BE177 /* ReactiveNetworkService.swift */,
				743BE4A723BD4101000BE177 /* Encodable+Dictionary.swift */,
				743BE4A823BD4101000BE177 /* Route+URLRequestConvertible.swift */,
			);
			path = ReactiveNetworkService;
			sourceTree = "<group>";
		};
		743BE4A923BD4101000BE177 /* Routing */ = {
			isa = PBXGroup;
			children = (
				743BE4AA23BD4101000BE177 /* Policy.swift */,
				743BE4AB23BD4101000BE177 /* Path.swift */,
				743BE4AC23BD4101000BE177 /* Route.swift */,
				743BE4AD23BD4101000BE177 /* Endpoint.swift */,
			);
			path = Routing;
			sourceTree = "<group>";
		};
		743BE4AE23BD4101000BE177 /* Persistence */ = {
			isa = PBXGroup;
			children = (
				743BE4AF23BD4101000BE177 /* FavoriteService.swift */,
			);
			path = Persistence;
			sourceTree = "<group>";
		};
		743BE4C023BD41D0000BE177 /* Routes */ = {
			isa = PBXGroup;
			children = (
				743BE4C123BD41D0000BE177 /* AppPolicies.swift */,
				743BE4C223BD41D0000BE177 /* AppPaths.swift */,
				743BE4C323BD41D0000BE177 /* AppEndpoints.swift */,
			);
			path = Routes;
			sourceTree = "<group>";
		};
		743BE4C723BD41FB000BE177 /* Models */ = {
			isa = PBXGroup;
			children = (
				743BE4DA23BD42C0000BE177 /* Domain */,
				743BE4C823BD41FB000BE177 /* Request */,
			);
			path = Models;
			sourceTree = "<group>";
		};
		743BE4C823BD41FB000BE177 /* Request */ = {
			isa = PBXGroup;
			children = (
				743BE4C923BD41FB000BE177 /* ListResponse.swift */,
				743BE4CA23BD41FB000BE177 /* ListRequest.swift */,
			);
			path = Request;
			sourceTree = "<group>";
		};
		743BE4DA23BD42C0000BE177 /* Domain */ = {
			isa = PBXGroup;
			children = (
				743BE4DB23BD42C0000BE177 /* Specie.swift */,
				743BE4DC23BD42C0000BE177 /* Vehicle.swift */,
				743BE4DD23BD42C0000BE177 /* Film.swift */,
				743BE4DE23BD42C0000BE177 /* Planet.swift */,
				743BE4DF23BD42C0000BE177 /* Starship.swift */,
				743BE4E023BD42C0000BE177 /* People.swift */,
			);
			path = Domain;
			sourceTree = "<group>";
		};
		743BE4E723BD436F000BE177 /* Apis */ = {
			isa = PBXGroup;
			children = (
				743BE4E923BD436F000BE177 /* PlanetsApi.swift */,
				743BE4EA23BD436F000BE177 /* PeoplesApi.swift */,
				743BE4E823BD436F000BE177 /* StarshipsApi.swift */,
			);
			path = Apis;
			sourceTree = "<group>";
		};
		743BE4EE23BD4419000BE177 /* Entity */ = {
			isa = PBXGroup;
			children = (
				743BE4F023BD4419000BE177 /* PlanetsEntity.swift */,
				743BE4F323BD4419000BE177 /* PeoplesEntity.swift */,
				743BE4F423BD4419000BE177 /* StarshipsEntity.swift */,
			);
			path = Entity;
			sourceTree = "<group>";
		};
		743BE4FB23BD45B0000BE177 /* Assemblies */ = {
			isa = PBXGroup;
			children = (
				743BE4FC23BD45B0000BE177 /* ServiceAssembly.swift */,
				743BE4FE23BD45B0000BE177 /* ApisAssembly.swift */,
				743BE50123BD45B0000BE177 /* EntityAssembly.swift */,
				743BE56923BD4889000BE177 /* FeedbackAssembly.swift */,
				743BE56823BD4889000BE177 /* FeatureAssembly.swift */,
				743BE56C23BD4962000BE177 /* FlowAssembly.swift */,
			);
			path = Assemblies;
			sourceTree = "<group>";
		};
		743BE50823BD477F000BE177 /* Features */ = {
			isa = PBXGroup;
			children = (
				743BE52F23BD477F000BE177 /* Planets */,
				743BE50923BD477F000BE177 /* Planet */,
				743BE51823BD477F000BE177 /* Peoples */,
				743BE52723BD477F000BE177 /* People */,
				743BE51123BD477F000BE177 /* Starships */,
				743BE51F23BD477F000BE177 /* Starship */,
			);
			path = Features;
			sourceTree = "<group>";
		};
		743BE50923BD477F000BE177 /* Planet */ = {
			isa = PBXGroup;
			children = (
				743BE50E23BD477F000BE177 /* PlanetViewController.storyboard */,
				743BE50A23BD477F000BE177 /* PlanetViewController.swift */,
				743BE50C23BD477F000BE177 /* PlanetFeedback.swift */,
				743BE50D23BD477F000BE177 /* PlanetEvent.swift */,
				743BE51023BD477F000BE177 /* PlanetReducer.swift */,
				743BE50F23BD477F000BE177 /* PlanetState.swift */,
			);
			path = Planet;
			sourceTree = "<group>";
		};
		743BE51123BD477F000BE177 /* Starships */ = {
			isa = PBXGroup;
			children = (
				743BE51723BD477F000BE177 /* StarshipsViewController.storyboard */,
				743BE51523BD477F000BE177 /* StarshipsViewController.swift */,
				743BE51323BD477F000BE177 /* StarshipsFeedback.swift */,
				743BE51223BD477F000BE177 /* StarshipsEvent.swift */,
				743BE51623BD477F000BE177 /* StarshipsReducer.swift */,
				743BE51423BD477F000BE177 /* StarshipsState.swift */,
			);
			path = Starships;
			sourceTree = "<group>";
		};
		743BE51823BD477F000BE177 /* Peoples */ = {
			isa = PBXGroup;
			children = (
				743BE51923BD477F000BE177 /* PeoplesViewController.storyboard */,
				743BE51D23BD477F000BE177 /* PeoplesViewController.swift */,
				743BE51E23BD477F000BE177 /* PeoplesFeedback.swift */,
				743BE51A23BD477F000BE177 /* PeoplesEvent.swift */,
				743BE51B23BD477F000BE177 /* PeoplesReducer.swift */,
				743BE51C23BD477F000BE177 /* PeoplesState.swift */,
			);
			path = Peoples;
			sourceTree = "<group>";
		};
		743BE51F23BD477F000BE177 /* Starship */ = {
			isa = PBXGroup;
			children = (
				743BE52623BD477F000BE177 /* StarshipViewController.storyboard */,
				743BE52323BD477F000BE177 /* StarshipViewController.swift */,
				743BE52423BD477F000BE177 /* StarshipFeedback.swift */,
				743BE52223BD477F000BE177 /* StarshipEvent.swift */,
				743BE52023BD477F000BE177 /* StarshipReducer.swift */,
				743BE52523BD477F000BE177 /* StarshipState.swift */,
			);
			path = Starship;
			sourceTree = "<group>";
		};
		743BE52723BD477F000BE177 /* People */ = {
			isa = PBXGroup;
			children = (
				743BE52923BD477F000BE177 /* PeopleViewController.storyboard */,
				743BE52D23BD477F000BE177 /* PeopleViewController.swift */,
				743BE52823BD477F000BE177 /* PeopleFeedback.swift */,
				743BE52E23BD477F000BE177 /* PeopleEvent.swift */,
				743BE52B23BD477F000BE177 /* PeopleReducer.swift */,
				743BE52C23BD477F000BE177 /* PeopleState.swift */,
			);
			path = People;
			sourceTree = "<group>";
		};
		743BE52F23BD477F000BE177 /* Planets */ = {
			isa = PBXGroup;
			children = (
				743BE53023BD477F000BE177 /* PlanetsViewController.storyboard */,
				743BE53323BD477F000BE177 /* PlanetsViewController.swift */,
				743BE53423BD477F000BE177 /* PlanetsFeedback.swift */,
				743BE53523BD477F000BE177 /* PlanetsEvent.swift */,
				743BE53223BD477F000BE177 /* PlanetsReducer.swift */,
				743BE53123BD477F000BE177 /* PlanetsState.swift */,
			);
			path = Planets;
			sourceTree = "<group>";
		};
		743BE55D23BD4845000BE177 /* Flows */ = {
			isa = PBXGroup;
			children = (
				743BE56023BD4845000BE177 /* PlanetsFlow.swift */,
				743BE55E23BD4845000BE177 /* PeoplesFlow.swift */,
				743BE56223BD4845000BE177 /* StarshipsFlow.swift */,
				743BE55F23BD4845000BE177 /* AppSteps.swift */,
				743BE56123BD4845000BE177 /* AppFlow.swift */,
			);
			path = Flows;
			sourceTree = "<group>";
		};
/* End PBXGroup section */

/* Begin PBXNativeTarget section */
		743BE43A23BCF52A000BE177 /* Spin.UIKit.Demo */ = {
			isa = PBXNativeTarget;
			buildConfigurationList = 743BE44F23BCF52A000BE177 /* Build configuration list for PBXNativeTarget "Spin.UIKit.Demo" */;
			buildPhases = (
				743BE43723BCF52A000BE177 /* Sources */,
				743BE43823BCF52A000BE177 /* Frameworks */,
				743BE43923BCF52A000BE177 /* Resources */,
			);
			buildRules = (
			);
			dependencies = (
			);
			name = Spin.UIKit.Demo;
			packageProductDependencies = (
				743BE45323BCF900000BE177 /* Spin.Combine */,
				743BE45523BCF900000BE177 /* Spin.ReactiveSwift */,
				743BE45723BCF900000BE177 /* Spin.RxSwift */,
				743BE45923BCF900000BE177 /* Spin.Swift */,
				743BE45C23BD0A9F000BE177 /* Alamofire */,
				743BE45F23BD0BA2000BE177 /* Reusable */,
				743BE46223BD0BC8000BE177 /* ReactiveSwift */,
				743BE46523BD0C00000BE177 /* Swinject */,
				743BE46823BD0EF9000BE177 /* RxFlow */,
				743BE46B23BD0F2B000BE177 /* RxCocoa */,
				743BE46D23BD0F2B000BE177 /* RxSwift */,
				743BE46F23BD0F2B000BE177 /* RxRelay */,
				743BE47223BD115E000BE177 /* ReactiveCocoa */,
			);
			productName = Spin.UIKit.Demo;
			productReference = 743BE43B23BCF52A000BE177 /* Spin.UIKit.Demo.app */;
			productType = "com.apple.product-type.application";
		};
/* End PBXNativeTarget section */

/* Begin PBXProject section */
		743BE43323BCF52A000BE177 /* Project object */ = {
			isa = PBXProject;
			attributes = {
				LastSwiftUpdateCheck = 1120;
				LastUpgradeCheck = 1120;
				ORGANIZATIONNAME = Spinners;
				TargetAttributes = {
					743BE43A23BCF52A000BE177 = {
						CreatedOnToolsVersion = 11.2.1;
					};
				};
			};
			buildConfigurationList = 743BE43623BCF52A000BE177 /* Build configuration list for PBXProject "Spin.UIKit.Demo" */;
			compatibilityVersion = "Xcode 9.3";
			developmentRegion = en;
			hasScannedForEncodings = 0;
			knownRegions = (
				en,
				Base,
			);
			mainGroup = 743BE43223BCF52A000BE177;
			packageReferences = (
				743BE45223BCF900000BE177 /* XCRemoteSwiftPackageReference "Spin" */,
				743BE45B23BD0A9F000BE177 /* XCRemoteSwiftPackageReference "Alamofire" */,
				743BE45E23BD0BA2000BE177 /* XCRemoteSwiftPackageReference "Reusable" */,
				743BE46123BD0BC8000BE177 /* XCRemoteSwiftPackageReference "ReactiveSwift" */,
				743BE46423BD0C00000BE177 /* XCRemoteSwiftPackageReference "Swinject" */,
				743BE46723BD0EF9000BE177 /* XCRemoteSwiftPackageReference "RxFlow" */,
				743BE46A23BD0F2B000BE177 /* XCRemoteSwiftPackageReference "RxSwift" */,
				743BE47123BD115E000BE177 /* XCRemoteSwiftPackageReference "ReactiveCocoa" */,
			);
			productRefGroup = 743BE43C23BCF52A000BE177 /* Products */;
			projectDirPath = "";
			projectRoot = "";
			targets = (
				743BE43A23BCF52A000BE177 /* Spin.UIKit.Demo */,
			);
		};
/* End PBXProject section */

/* Begin PBXResourcesBuildPhase section */
		743BE43923BCF52A000BE177 /* Resources */ = {
			isa = PBXResourcesBuildPhase;
			buildActionMask = 2147483647;
			files = (
				743BE54323BD477F000BE177 /* PeoplesViewController.storyboard in Resources */,
				743BE44B23BCF52A000BE177 /* LaunchScreen.storyboard in Resources */,
				743BE55123BD477F000BE177 /* PeopleViewController.storyboard in Resources */,
				743BE54223BD477F000BE177 /* StarshipsViewController.storyboard in Resources */,
				743BE54F23BD477F000BE177 /* StarshipViewController.storyboard in Resources */,
				743BE53A23BD477F000BE177 /* PlanetViewController.storyboard in Resources */,
				743BE44823BCF52A000BE177 /* Assets.xcassets in Resources */,
				743BE55723BD477F000BE177 /* PlanetsViewController.storyboard in Resources */,
			);
			runOnlyForDeploymentPostprocessing = 0;
		};
/* End PBXResourcesBuildPhase section */

/* Begin PBXSourcesBuildPhase section */
		743BE43723BCF52A000BE177 /* Sources */ = {
			isa = PBXSourcesBuildPhase;
			buildActionMask = 2147483647;
			files = (
				743BE50723BD45B0000BE177 /* EntityAssembly.swift in Sources */,
				743BE4E323BD42C0000BE177 /* Film.swift in Sources */,
				743BE4E223BD42C0000BE177 /* Vehicle.swift in Sources */,
				743BE54123BD477F000BE177 /* StarshipsReducer.swift in Sources */,
				743BE4A123BD4085000BE177 /* String+URLComponents.swift in Sources */,
				743BE4F923BD4419000BE177 /* PeoplesEntity.swift in Sources */,
				743BE53C23BD477F000BE177 /* PlanetReducer.swift in Sources */,
				743BE4D323BD41FB000BE177 /* ListRequest.swift in Sources */,
				743BE54D23BD477F000BE177 /* StarshipFeedback.swift in Sources */,
				743BE54B23BD477F000BE177 /* StarshipEvent.swift in Sources */,
				743BE53E23BD477F000BE177 /* StarshipsFeedback.swift in Sources */,
				743BE4EB23BD436F000BE177 /* StarshipsApi.swift in Sources */,
				743BE4C423BD41D0000BE177 /* AppPolicies.swift in Sources */,
				743BE56623BD4845000BE177 /* AppFlow.swift in Sources */,
				743BE54823BD477F000BE177 /* PeoplesFeedback.swift in Sources */,
				743BE55023BD477F000BE177 /* PeopleFeedback.swift in Sources */,
				743BE53623BD477F000BE177 /* PlanetViewController.swift in Sources */,
				743BE4E423BD42C0000BE177 /* Planet.swift in Sources */,
				743BE4B223BD4101000BE177 /* Encodable+Dictionary.swift in Sources */,
				743BE54923BD477F000BE177 /* StarshipReducer.swift in Sources */,
				743BE4E123BD42C0000BE177 /* Specie.swift in Sources */,
				743BE4B823BD4101000BE177 /* FavoriteService.swift in Sources */,
				743BE4E523BD42C0000BE177 /* Starship.swift in Sources */,
				743BE56D23BD4962000BE177 /* FlowAssembly.swift in Sources */,
				743BE55623BD477F000BE177 /* PeopleEvent.swift in Sources */,
				743BE54023BD477F000BE177 /* StarshipsViewController.swift in Sources */,
				743BE54C23BD477F000BE177 /* StarshipViewController.swift in Sources */,
				743BE4B623BD4101000BE177 /* Route.swift in Sources */,
				743BE53923BD477F000BE177 /* PlanetEvent.swift in Sources */,
				743BE4B123BD4101000BE177 /* ReactiveNetworkService.swift in Sources */,
				743BE56323BD4845000BE177 /* PeoplesFlow.swift in Sources */,
				743BE55423BD477F000BE177 /* PeopleState.swift in Sources */,
				7404A04723DCFEFE000B75DD /* Partial.swift in Sources */,
				743BE4B323BD4101000BE177 /* Route+URLRequestConvertible.swift in Sources */,
				743BE56B23BD4889000BE177 /* FeedbackAssembly.swift in Sources */,
				743BE54E23BD477F000BE177 /* StarshipState.swift in Sources */,
				743BE55823BD477F000BE177 /* PlanetsState.swift in Sources */,
				743BE53B23BD477F000BE177 /* PlanetState.swift in Sources */,
				743BE55C23BD477F000BE177 /* PlanetsEvent.swift in Sources */,
				743BE4D223BD41FB000BE177 /* ListResponse.swift in Sources */,
				743BE54723BD477F000BE177 /* PeoplesViewController.swift in Sources */,
				743BE55523BD477F000BE177 /* PeopleViewController.swift in Sources */,
				743BE56423BD4845000BE177 /* AppSteps.swift in Sources */,
				743BE43F23BCF52A000BE177 /* AppDelegate.swift in Sources */,
				743BE4B023BD4101000BE177 /* NetworkService.swift in Sources */,
				743BE56523BD4845000BE177 /* PlanetsFlow.swift in Sources */,
				743BE53823BD477F000BE177 /* PlanetFeedback.swift in Sources */,
				743BE4B523BD4101000BE177 /* Path.swift in Sources */,
				743BE4B723BD4101000BE177 /* Endpoint.swift in Sources */,
				743BE4E623BD42C0000BE177 /* People.swift in Sources */,
				743BE4F623BD4419000BE177 /* PlanetsEntity.swift in Sources */,
				743BE56723BD4845000BE177 /* StarshipsFlow.swift in Sources */,
				743BE53F23BD477F000BE177 /* StarshipsState.swift in Sources */,
				743BE4EC23BD436F000BE177 /* PlanetsApi.swift in Sources */,
				743BE55B23BD477F000BE177 /* PlanetsFeedback.swift in Sources */,
				743BE55323BD477F000BE177 /* PeopleReducer.swift in Sources */,
				743BE4ED23BD436F000BE177 /* PeoplesApi.swift in Sources */,
				743BE44123BCF52A000BE177 /* SceneDelegate.swift in Sources */,
				743BE54423BD477F000BE177 /* PeoplesEvent.swift in Sources */,
				743BE55923BD477F000BE177 /* PlanetsReducer.swift in Sources */,
				743BE50223BD45B0000BE177 /* ServiceAssembly.swift in Sources */,
				743BE54523BD477F000BE177 /* PeoplesReducer.swift in Sources */,
				743BE56A23BD4889000BE177 /* FeatureAssembly.swift in Sources */,
				743BE4C623BD41D0000BE177 /* AppEndpoints.swift in Sources */,
				743BE50423BD45B0000BE177 /* ApisAssembly.swift in Sources */,
				743BE53D23BD477F000BE177 /* StarshipsEvent.swift in Sources */,
				743BE4B423BD4101000BE177 /* Policy.swift in Sources */,
				743BE4C523BD41D0000BE177 /* AppPaths.swift in Sources */,
				743BE54623BD477F000BE177 /* PeoplesState.swift in Sources */,
				743BE55A23BD477F000BE177 /* PlanetsViewController.swift in Sources */,
				743BE4FA23BD4419000BE177 /* StarshipsEntity.swift in Sources */,
				743BE4A023BD4085000BE177 /* UIViewController+Rx.swift in Sources */,
			);
			runOnlyForDeploymentPostprocessing = 0;
		};
/* End PBXSourcesBuildPhase section */

/* Begin PBXVariantGroup section */
		743BE44923BCF52A000BE177 /* LaunchScreen.storyboard */ = {
			isa = PBXVariantGroup;
			children = (
				743BE44A23BCF52A000BE177 /* Base */,
			);
			name = LaunchScreen.storyboard;
			sourceTree = "<group>";
		};
/* End PBXVariantGroup section */

/* Begin XCBuildConfiguration section */
		743BE44D23BCF52A000BE177 /* Debug */ = {
			isa = XCBuildConfiguration;
			buildSettings = {
				ALWAYS_SEARCH_USER_PATHS = NO;
				CLANG_ANALYZER_NONNULL = YES;
				CLANG_ANALYZER_NUMBER_OBJECT_CONVERSION = YES_AGGRESSIVE;
				CLANG_CXX_LANGUAGE_STANDARD = "gnu++14";
				CLANG_CXX_LIBRARY = "libc++";
				CLANG_ENABLE_MODULES = YES;
				CLANG_ENABLE_OBJC_ARC = YES;
				CLANG_ENABLE_OBJC_WEAK = YES;
				CLANG_WARN_BLOCK_CAPTURE_AUTORELEASING = YES;
				CLANG_WARN_BOOL_CONVERSION = YES;
				CLANG_WARN_COMMA = YES;
				CLANG_WARN_CONSTANT_CONVERSION = YES;
				CLANG_WARN_DEPRECATED_OBJC_IMPLEMENTATIONS = YES;
				CLANG_WARN_DIRECT_OBJC_ISA_USAGE = YES_ERROR;
				CLANG_WARN_DOCUMENTATION_COMMENTS = YES;
				CLANG_WARN_EMPTY_BODY = YES;
				CLANG_WARN_ENUM_CONVERSION = YES;
				CLANG_WARN_INFINITE_RECURSION = YES;
				CLANG_WARN_INT_CONVERSION = YES;
				CLANG_WARN_NON_LITERAL_NULL_CONVERSION = YES;
				CLANG_WARN_OBJC_IMPLICIT_RETAIN_SELF = YES;
				CLANG_WARN_OBJC_LITERAL_CONVERSION = YES;
				CLANG_WARN_OBJC_ROOT_CLASS = YES_ERROR;
				CLANG_WARN_RANGE_LOOP_ANALYSIS = YES;
				CLANG_WARN_STRICT_PROTOTYPES = YES;
				CLANG_WARN_SUSPICIOUS_MOVE = YES;
				CLANG_WARN_UNGUARDED_AVAILABILITY = YES_AGGRESSIVE;
				CLANG_WARN_UNREACHABLE_CODE = YES;
				CLANG_WARN__DUPLICATE_METHOD_MATCH = YES;
				COPY_PHASE_STRIP = NO;
				DEAD_CODE_STRIPPING = YES;
				DEBUG_INFORMATION_FORMAT = dwarf;
				ENABLE_STRICT_OBJC_MSGSEND = YES;
				ENABLE_TESTABILITY = YES;
				GCC_C_LANGUAGE_STANDARD = gnu11;
				GCC_DYNAMIC_NO_PIC = NO;
				GCC_NO_COMMON_BLOCKS = YES;
				GCC_OPTIMIZATION_LEVEL = 0;
				GCC_PREPROCESSOR_DEFINITIONS = (
					"DEBUG=1",
					"$(inherited)",
				);
				GCC_WARN_64_TO_32_BIT_CONVERSION = YES;
				GCC_WARN_ABOUT_RETURN_TYPE = YES_ERROR;
				GCC_WARN_UNDECLARED_SELECTOR = YES;
				GCC_WARN_UNINITIALIZED_AUTOS = YES_AGGRESSIVE;
				GCC_WARN_UNUSED_FUNCTION = YES;
				GCC_WARN_UNUSED_VARIABLE = YES;
				IPHONEOS_DEPLOYMENT_TARGET = 13.2;
				MTL_ENABLE_DEBUG_INFO = INCLUDE_SOURCE;
				MTL_FAST_MATH = YES;
				ONLY_ACTIVE_ARCH = YES;
				SDKROOT = iphoneos;
				STRIP_INSTALLED_PRODUCT = YES;
				SWIFT_ACTIVE_COMPILATION_CONDITIONS = DEBUG;
				SWIFT_OPTIMIZATION_LEVEL = "-Onone";
			};
			name = Debug;
		};
		743BE44E23BCF52A000BE177 /* Release */ = {
			isa = XCBuildConfiguration;
			buildSettings = {
				ALWAYS_SEARCH_USER_PATHS = NO;
				CLANG_ANALYZER_NONNULL = YES;
				CLANG_ANALYZER_NUMBER_OBJECT_CONVERSION = YES_AGGRESSIVE;
				CLANG_CXX_LANGUAGE_STANDARD = "gnu++14";
				CLANG_CXX_LIBRARY = "libc++";
				CLANG_ENABLE_MODULES = YES;
				CLANG_ENABLE_OBJC_ARC = YES;
				CLANG_ENABLE_OBJC_WEAK = YES;
				CLANG_WARN_BLOCK_CAPTURE_AUTORELEASING = YES;
				CLANG_WARN_BOOL_CONVERSION = YES;
				CLANG_WARN_COMMA = YES;
				CLANG_WARN_CONSTANT_CONVERSION = YES;
				CLANG_WARN_DEPRECATED_OBJC_IMPLEMENTATIONS = YES;
				CLANG_WARN_DIRECT_OBJC_ISA_USAGE = YES_ERROR;
				CLANG_WARN_DOCUMENTATION_COMMENTS = YES;
				CLANG_WARN_EMPTY_BODY = YES;
				CLANG_WARN_ENUM_CONVERSION = YES;
				CLANG_WARN_INFINITE_RECURSION = YES;
				CLANG_WARN_INT_CONVERSION = YES;
				CLANG_WARN_NON_LITERAL_NULL_CONVERSION = YES;
				CLANG_WARN_OBJC_IMPLICIT_RETAIN_SELF = YES;
				CLANG_WARN_OBJC_LITERAL_CONVERSION = YES;
				CLANG_WARN_OBJC_ROOT_CLASS = YES_ERROR;
				CLANG_WARN_RANGE_LOOP_ANALYSIS = YES;
				CLANG_WARN_STRICT_PROTOTYPES = YES;
				CLANG_WARN_SUSPICIOUS_MOVE = YES;
				CLANG_WARN_UNGUARDED_AVAILABILITY = YES_AGGRESSIVE;
				CLANG_WARN_UNREACHABLE_CODE = YES;
				CLANG_WARN__DUPLICATE_METHOD_MATCH = YES;
				COPY_PHASE_STRIP = NO;
				DEAD_CODE_STRIPPING = YES;
				DEBUG_INFORMATION_FORMAT = "dwarf-with-dsym";
				ENABLE_NS_ASSERTIONS = NO;
				ENABLE_STRICT_OBJC_MSGSEND = YES;
				GCC_C_LANGUAGE_STANDARD = gnu11;
				GCC_NO_COMMON_BLOCKS = YES;
				GCC_WARN_64_TO_32_BIT_CONVERSION = YES;
				GCC_WARN_ABOUT_RETURN_TYPE = YES_ERROR;
				GCC_WARN_UNDECLARED_SELECTOR = YES;
				GCC_WARN_UNINITIALIZED_AUTOS = YES_AGGRESSIVE;
				GCC_WARN_UNUSED_FUNCTION = YES;
				GCC_WARN_UNUSED_VARIABLE = YES;
				IPHONEOS_DEPLOYMENT_TARGET = 13.2;
				MTL_ENABLE_DEBUG_INFO = NO;
				MTL_FAST_MATH = YES;
				SDKROOT = iphoneos;
				STRIP_INSTALLED_PRODUCT = YES;
				SWIFT_COMPILATION_MODE = wholemodule;
				SWIFT_OPTIMIZATION_LEVEL = "-O";
				VALIDATE_PRODUCT = YES;
			};
			name = Release;
		};
		743BE45023BCF52A000BE177 /* Debug */ = {
			isa = XCBuildConfiguration;
			buildSettings = {
				ASSETCATALOG_COMPILER_APPICON_NAME = AppIcon;
				CODE_SIGN_STYLE = Automatic;
				DEVELOPMENT_TEAM = 3V5265LQM9;
				INFOPLIST_FILE = Spin.UIKit.Demo/Info.plist;
				LD_RUNPATH_SEARCH_PATHS = (
					"$(inherited)",
					"@executable_path/Frameworks",
				);
				PRODUCT_BUNDLE_IDENTIFIER = "com.github.spinners.Spin-UIKit-Demo";
				PRODUCT_NAME = "$(TARGET_NAME)";
				SWIFT_VERSION = 5.0;
				TARGETED_DEVICE_FAMILY = "1,2";
			};
			name = Debug;
		};
		743BE45123BCF52A000BE177 /* Release */ = {
			isa = XCBuildConfiguration;
			buildSettings = {
				ASSETCATALOG_COMPILER_APPICON_NAME = AppIcon;
				CODE_SIGN_STYLE = Automatic;
				DEVELOPMENT_TEAM = 3V5265LQM9;
				INFOPLIST_FILE = Spin.UIKit.Demo/Info.plist;
				LD_RUNPATH_SEARCH_PATHS = (
					"$(inherited)",
					"@executable_path/Frameworks",
				);
				PRODUCT_BUNDLE_IDENTIFIER = "com.github.spinners.Spin-UIKit-Demo";
				PRODUCT_NAME = "$(TARGET_NAME)";
				SWIFT_VERSION = 5.0;
				TARGETED_DEVICE_FAMILY = "1,2";
			};
			name = Release;
		};
/* End XCBuildConfiguration section */

/* Begin XCConfigurationList section */
		743BE43623BCF52A000BE177 /* Build configuration list for PBXProject "Spin.UIKit.Demo" */ = {
			isa = XCConfigurationList;
			buildConfigurations = (
				743BE44D23BCF52A000BE177 /* Debug */,
				743BE44E23BCF52A000BE177 /* Release */,
			);
			defaultConfigurationIsVisible = 0;
			defaultConfigurationName = Release;
		};
		743BE44F23BCF52A000BE177 /* Build configuration list for PBXNativeTarget "Spin.UIKit.Demo" */ = {
			isa = XCConfigurationList;
			buildConfigurations = (
				743BE45023BCF52A000BE177 /* Debug */,
				743BE45123BCF52A000BE177 /* Release */,
			);
			defaultConfigurationIsVisible = 0;
			defaultConfigurationName = Release;
		};
/* End XCConfigurationList section */

/* Begin XCRemoteSwiftPackageReference section */
		743BE45223BCF900000BE177 /* XCRemoteSwiftPackageReference "Spin" */ = {
			isa = XCRemoteSwiftPackageReference;
			repositoryURL = "https://github.com/Spinners/Spin.Swift";
			requirement = {
				kind = upToNextMajorVersion;
				minimumVersion = 0.6.0;
			};
		};
		743BE45B23BD0A9F000BE177 /* XCRemoteSwiftPackageReference "Alamofire" */ = {
			isa = XCRemoteSwiftPackageReference;
			repositoryURL = "https://github.com/Alamofire/Alamofire";
			requirement = {
				kind = upToNextMajorVersion;
				minimumVersion = 4.9.1;
			};
		};
		743BE45E23BD0BA2000BE177 /* XCRemoteSwiftPackageReference "Reusable" */ = {
			isa = XCRemoteSwiftPackageReference;
			repositoryURL = "https://github.com/AliSoftware/Reusable";
			requirement = {
				branch = master;
				kind = branch;
			};
		};
		743BE46123BD0BC8000BE177 /* XCRemoteSwiftPackageReference "ReactiveSwift" */ = {
			isa = XCRemoteSwiftPackageReference;
			repositoryURL = "https://github.com/ReactiveCocoa/ReactiveSwift";
			requirement = {
				kind = upToNextMajorVersion;
				minimumVersion = 6.1.0;
			};
		};
		743BE46423BD0C00000BE177 /* XCRemoteSwiftPackageReference "Swinject" */ = {
			isa = XCRemoteSwiftPackageReference;
			repositoryURL = "https://github.com/Swinject/Swinject";
			requirement = {
				kind = upToNextMajorVersion;
				minimumVersion = 2.7.1;
			};
		};
		743BE46723BD0EF9000BE177 /* XCRemoteSwiftPackageReference "RxFlow" */ = {
			isa = XCRemoteSwiftPackageReference;
			repositoryURL = "https://github.com/RxSwiftCommunity/RxFlow";
			requirement = {
				kind = upToNextMajorVersion;
				minimumVersion = 2.6.0;
			};
		};
		743BE46A23BD0F2B000BE177 /* XCRemoteSwiftPackageReference "RxSwift" */ = {
			isa = XCRemoteSwiftPackageReference;
			repositoryURL = "https://github.com/ReactiveX/RxSwift";
			requirement = {
				kind = upToNextMajorVersion;
				minimumVersion = 5.0.1;
			};
		};
		743BE47123BD115E000BE177 /* XCRemoteSwiftPackageReference "ReactiveCocoa" */ = {
			isa = XCRemoteSwiftPackageReference;
			repositoryURL = "https://github.com/ReactiveCocoa/ReactiveCocoa";
			requirement = {
				branch = swiftpm;
				kind = branch;
			};
		};
/* End XCRemoteSwiftPackageReference section */

/* Begin XCSwiftPackageProductDependency section */
		743BE45323BCF900000BE177 /* Spin.Combine */ = {
			isa = XCSwiftPackageProductDependency;
			package = 743BE45223BCF900000BE177 /* XCRemoteSwiftPackageReference "Spin" */;
			productName = Spin.Combine;
		};
		743BE45523BCF900000BE177 /* Spin.ReactiveSwift */ = {
			isa = XCSwiftPackageProductDependency;
			package = 743BE45223BCF900000BE177 /* XCRemoteSwiftPackageReference "Spin" */;
			productName = Spin.ReactiveSwift;
		};
		743BE45723BCF900000BE177 /* Spin.RxSwift */ = {
			isa = XCSwiftPackageProductDependency;
			package = 743BE45223BCF900000BE177 /* XCRemoteSwiftPackageReference "Spin" */;
			productName = Spin.RxSwift;
		};
		743BE45923BCF900000BE177 /* Spin.Swift */ = {
			isa = XCSwiftPackageProductDependency;
			package = 743BE45223BCF900000BE177 /* XCRemoteSwiftPackageReference "Spin" */;
			productName = Spin.Swift;
		};
		743BE45C23BD0A9F000BE177 /* Alamofire */ = {
			isa = XCSwiftPackageProductDependency;
			package = 743BE45B23BD0A9F000BE177 /* XCRemoteSwiftPackageReference "Alamofire" */;
			productName = Alamofire;
		};
		743BE45F23BD0BA2000BE177 /* Reusable */ = {
			isa = XCSwiftPackageProductDependency;
			package = 743BE45E23BD0BA2000BE177 /* XCRemoteSwiftPackageReference "Reusable" */;
			productName = Reusable;
		};
		743BE46223BD0BC8000BE177 /* ReactiveSwift */ = {
			isa = XCSwiftPackageProductDependency;
			package = 743BE46123BD0BC8000BE177 /* XCRemoteSwiftPackageReference "ReactiveSwift" */;
			productName = ReactiveSwift;
		};
		743BE46523BD0C00000BE177 /* Swinject */ = {
			isa = XCSwiftPackageProductDependency;
			package = 743BE46423BD0C00000BE177 /* XCRemoteSwiftPackageReference "Swinject" */;
			productName = Swinject;
		};
		743BE46823BD0EF9000BE177 /* RxFlow */ = {
			isa = XCSwiftPackageProductDependency;
			package = 743BE46723BD0EF9000BE177 /* XCRemoteSwiftPackageReference "RxFlow" */;
			productName = RxFlow;
		};
		743BE46B23BD0F2B000BE177 /* RxCocoa */ = {
			isa = XCSwiftPackageProductDependency;
			package = 743BE46A23BD0F2B000BE177 /* XCRemoteSwiftPackageReference "RxSwift" */;
			productName = RxCocoa;
		};
		743BE46D23BD0F2B000BE177 /* RxSwift */ = {
			isa = XCSwiftPackageProductDependency;
			package = 743BE46A23BD0F2B000BE177 /* XCRemoteSwiftPackageReference "RxSwift" */;
			productName = RxSwift;
		};
		743BE46F23BD0F2B000BE177 /* RxRelay */ = {
			isa = XCSwiftPackageProductDependency;
			package = 743BE46A23BD0F2B000BE177 /* XCRemoteSwiftPackageReference "RxSwift" */;
			productName = RxRelay;
		};
		743BE47223BD115E000BE177 /* ReactiveCocoa */ = {
			isa = XCSwiftPackageProductDependency;
			package = 743BE47123BD115E000BE177 /* XCRemoteSwiftPackageReference "ReactiveCocoa" */;
			productName = ReactiveCocoa;
		};
/* End XCSwiftPackageProductDependency section */
	};
	rootObject = 743BE43323BCF52A000BE177 /* Project object */;
}
